
Microsoft Visual Studio Solution File, Format Version 12.00
# Visual Studio Version 17
VisualStudioVersion = 17.6.33815.320
MinimumVisualStudioVersion = 10.0.40219.1
Project("{FAE04EC0-301F-11D3-BF4B-00C04F79EFBC}") = "kurs_rab", "kurs_rab.csproj", "{611F4BD9-E6D4-499C-93E0-8FDFA23F13AB}"
EndProject
Global
	GlobalSection(SolutionConfigurationPlatforms) = preSolution
		Debug|Any CPU = Debug|Any CPU
		Release|Any CPU = Release|Any CPU
	EndGlobalSection
	GlobalSection(ProjectConfigurationPlatforms) = postSolution
		{611F4BD9-E6D4-499C-93E0-8FDFA23F13AB}.Debug|Any CPU.ActiveCfg = Debug|Any CPU
		{611F4BD9-E6D4-499C-93E0-8FDFA23F13AB}.Debug|Any CPU.Build.0 = Debug|Any CPU
		{611F4BD9-E6D4-499C-93E0-8FDFA23F13AB}.Release|Any CPU.ActiveCfg = Release|Any CPU
		{611F4BD9-E6D4-499C-93E0-8FDFA23F13AB}.Release|Any CPU.Build.0 = Release|Any CPU
	EndGlobalSection
	GlobalSection(SolutionProperties) = preSolution
		HideSolutionNode = FALSE
	EndGlobalSection
	GlobalSection(ExtensibilityGlobals) = postSolution
		SolutionGuid = {A1AF44E8-BD38-4413-A19A-5B27BEDFE3EC}
	EndGlobalSection
EndGlobal
